
Microsoft Visual Studio Solution File, Format Version 12.00
# Visual Studio Version 17
VisualStudioVersion = 17.8.34330.188
MinimumVisualStudioVersion = 10.0.40219.1
Project("{FAE04EC0-301F-11D3-BF4B-00C04F79EFBC}") = "FileManagementSystemBE", "FileManagementSystemBE\FileManagementSystemBE.csproj", "{F9176BD6-7424-4751-A2D9-EF220133BCB0}"
EndProject
Global
	GlobalSection(SolutionConfigurationPlatforms) = preSolution
		Debug|Any CPU = Debug|Any CPU
		Release|Any CPU = Release|Any CPU
	EndGlobalSection
	GlobalSection(ProjectConfigurationPlatforms) = postSolution
		{F9176BD6-7424-4751-A2D9-EF220133BCB0}.Debug|Any CPU.ActiveCfg = Debug|Any CPU
		{F9176BD6-7424-4751-A2D9-EF220133BCB0}.Debug|Any CPU.Build.0 = Debug|Any CPU
		{F9176BD6-7424-4751-A2D9-EF220133BCB0}.Release|Any CPU.ActiveCfg = Release|Any CPU
		{F9176BD6-7424-4751-A2D9-EF220133BCB0}.Release|Any CPU.Build.0 = Release|Any CPU
	EndGlobalSection
	GlobalSection(SolutionProperties) = preSolution
		HideSolutionNode = FALSE
	EndGlobalSection
	GlobalSection(ExtensibilityGlobals) = postSolution
		SolutionGuid = {9D687DC8-BCFE-44D0-B53C-CE4A9A29BD9A}
	EndGlobalSection
EndGlobal
